
Microsoft Visual Studio Solution File, Format Version 12.00
# Visual Studio Version 16
VisualStudioVersion = 16.0.29201.188
MinimumVisualStudioVersion = 10.0.40219.1
Project("{FAE04EC0-301F-11D3-BF4B-00C04F79EFBC}") = "10xDev", "10xDev\10xDev.csproj", "{BC234558-0065-493B-8D24-F6D232420B85}"
EndProject
Project("{FAE04EC0-301F-11D3-BF4B-00C04F79EFBC}") = "10xDev.Tests", "10xDev.Tests\10xDev.Tests.csproj", "{478AF4E1-486E-443C-85BD-13BAFF469C67}"
EndProject
Global
	GlobalSection(SolutionConfigurationPlatforms) = preSolution
		Debug|Any CPU = Debug|Any CPU
		Release|Any CPU = Release|Any CPU
	EndGlobalSection
	GlobalSection(ProjectConfigurationPlatforms) = postSolution
		{BC234558-0065-493B-8D24-F6D232420B85}.Debug|Any CPU.ActiveCfg = Debug|Any CPU
		{BC234558-0065-493B-8D24-F6D232420B85}.Debug|Any CPU.Build.0 = Debug|Any CPU
		{BC234558-0065-493B-8D24-F6D232420B85}.Release|Any CPU.ActiveCfg = Release|Any CPU
		{BC234558-0065-493B-8D24-F6D232420B85}.Release|Any CPU.Build.0 = Release|Any CPU
		{478AF4E1-486E-443C-85BD-13BAFF469C67}.Debug|Any CPU.ActiveCfg = Debug|Any CPU
		{478AF4E1-486E-443C-85BD-13BAFF469C67}.Debug|Any CPU.Build.0 = Debug|Any CPU
		{478AF4E1-486E-443C-85BD-13BAFF469C67}.Release|Any CPU.ActiveCfg = Release|Any CPU
		{478AF4E1-486E-443C-85BD-13BAFF469C67}.Release|Any CPU.Build.0 = Release|Any CPU
	EndGlobalSection
	GlobalSection(SolutionProperties) = preSolution
		HideSolutionNode = FALSE
	EndGlobalSection
	GlobalSection(ExtensibilityGlobals) = postSolution
		SolutionGuid = {2CFCE773-6B38-431B-82D5-05F4378CD07F}
	EndGlobalSection
EndGlobal
